
Microsoft Visual Studio Solution File, Format Version 12.00
# Visual Studio 15
Project("{FAE04EC0-301F-11D3-BF4B-00C04F79EFBC}") = "Assembly-CSharp", "Assembly-CSharp.csproj", "{4832D646-8E6D-195D-CC20-82205105CCCF}"
EndProject
Project("{FAE04EC0-301F-11D3-BF4B-00C04F79EFBC}") = "Assembly-CSharp-firstpass", "Assembly-CSharp-firstpass.csproj", "{A207079A-E79F-3A13-B1CD-E1A36D17DE64}"
EndProject
Project("{FAE04EC0-301F-11D3-BF4B-00C04F79EFBC}") = "Sirenix.OdinInspector.CompatibilityLayer", "Sirenix.OdinInspector.CompatibilityLayer.csproj", "{1D4F7EBE-A44A-B5BA-3299-F90959AEB4C4}"
EndProject
Project("{FAE04EC0-301F-11D3-BF4B-00C04F79EFBC}") = "Assembly-CSharp-Editor", "Assembly-CSharp-Editor.csproj", "{1EF52B14-15EA-FD5C-3546-D49105DE3C5D}"
EndProject
Project("{FAE04EC0-301F-11D3-BF4B-00C04F79EFBC}") = "Sirenix.OdinInspector.CompatibilityLayer.Editor", "Sirenix.OdinInspector.CompatibilityLayer.Editor.csproj", "{50A0ACDA-DB05-ED84-9715-9E2B00DDF2A4}"
EndProject
Global
	GlobalSection(SolutionConfigurationPlatforms) = preSolution
		Debug|Any CPU = Debug|Any CPU
		Release|Any CPU = Release|Any CPU
	EndGlobalSection
	GlobalSection(ProjectConfigurationPlatforms) = postSolution
		{4832D646-8E6D-195D-CC20-82205105CCCF}.Debug|Any CPU.ActiveCfg = Debug|Any CPU
		{4832D646-8E6D-195D-CC20-82205105CCCF}.Debug|Any CPU.Build.0 = Debug|Any CPU
		{4832D646-8E6D-195D-CC20-82205105CCCF}.Release|Any CPU.ActiveCfg = Release|Any CPU
		{4832D646-8E6D-195D-CC20-82205105CCCF}.Release|Any CPU.Build.0 = Release|Any CPU
		{A207079A-E79F-3A13-B1CD-E1A36D17DE64}.Debug|Any CPU.ActiveCfg = Debug|Any CPU
		{A207079A-E79F-3A13-B1CD-E1A36D17DE64}.Debug|Any CPU.Build.0 = Debug|Any CPU
		{A207079A-E79F-3A13-B1CD-E1A36D17DE64}.Release|Any CPU.ActiveCfg = Release|Any CPU
		{A207079A-E79F-3A13-B1CD-E1A36D17DE64}.Release|Any CPU.Build.0 = Release|Any CPU
		{1D4F7EBE-A44A-B5BA-3299-F90959AEB4C4}.Debug|Any CPU.ActiveCfg = Debug|Any CPU
		{1D4F7EBE-A44A-B5BA-3299-F90959AEB4C4}.Debug|Any CPU.Build.0 = Debug|Any CPU
		{1D4F7EBE-A44A-B5BA-3299-F90959AEB4C4}.Release|Any CPU.ActiveCfg = Release|Any CPU
		{1D4F7EBE-A44A-B5BA-3299-F90959AEB4C4}.Release|Any CPU.Build.0 = Release|Any CPU
		{1EF52B14-15EA-FD5C-3546-D49105DE3C5D}.Debug|Any CPU.ActiveCfg = Debug|Any CPU
		{1EF52B14-15EA-FD5C-3546-D49105DE3C5D}.Debug|Any CPU.Build.0 = Debug|Any CPU
		{1EF52B14-15EA-FD5C-3546-D49105DE3C5D}.Release|Any CPU.ActiveCfg = Release|Any CPU
		{1EF52B14-15EA-FD5C-3546-D49105DE3C5D}.Release|Any CPU.Build.0 = Release|Any CPU
		{50A0ACDA-DB05-ED84-9715-9E2B00DDF2A4}.Debug|Any CPU.ActiveCfg = Debug|Any CPU
		{50A0ACDA-DB05-ED84-9715-9E2B00DDF2A4}.Debug|Any CPU.Build.0 = Debug|Any CPU
		{50A0ACDA-DB05-ED84-9715-9E2B00DDF2A4}.Release|Any CPU.ActiveCfg = Release|Any CPU
		{50A0ACDA-DB05-ED84-9715-9E2B00DDF2A4}.Release|Any CPU.Build.0 = Release|Any CPU
	EndGlobalSection
	GlobalSection(SolutionProperties) = preSolution
		HideSolutionNode = FALSE
	EndGlobalSection
EndGlobal
