
Microsoft Visual Studio Solution File, Format Version 12.00
# Visual Studio 15
Project("{FAE04EC0-301F-11D3-BF4B-00C04F79EFBC}") = "Assembly-CSharp", "Assembly-CSharp.csproj", "{768CCDB8-E58D-4099-F1CB-7385A0BF326D}"
EndProject
Project("{FAE04EC0-301F-11D3-BF4B-00C04F79EFBC}") = "Assembly-CSharp-firstpass", "Assembly-CSharp-firstpass.csproj", "{DA9E5E7B-4EA9-90BC-9EF2-AA80B8237867}"
EndProject
Project("{FAE04EC0-301F-11D3-BF4B-00C04F79EFBC}") = "Sirenix.OdinInspector.CompatibilityLayer", "Sirenix.OdinInspector.CompatibilityLayer.csproj", "{1254CCBA-0C98-593B-C999-15ADDFF89B75}"
EndProject
Project("{FAE04EC0-301F-11D3-BF4B-00C04F79EFBC}") = "Assembly-CSharp-Editor", "Assembly-CSharp-Editor.csproj", "{3B76EC30-E030-8C42-1391-88F10FBE8620}"
EndProject
Project("{FAE04EC0-301F-11D3-BF4B-00C04F79EFBC}") = "Sirenix.OdinInspector.CompatibilityLayer.Editor", "Sirenix.OdinInspector.CompatibilityLayer.Editor.csproj", "{8ECDF0E9-5722-9832-3EF2-79C5DB6ED7D8}"
EndProject
Global
	GlobalSection(SolutionConfigurationPlatforms) = preSolution
		Debug|Any CPU = Debug|Any CPU
		Release|Any CPU = Release|Any CPU
	EndGlobalSection
	GlobalSection(ProjectConfigurationPlatforms) = postSolution
		{768CCDB8-E58D-4099-F1CB-7385A0BF326D}.Debug|Any CPU.ActiveCfg = Debug|Any CPU
		{768CCDB8-E58D-4099-F1CB-7385A0BF326D}.Debug|Any CPU.Build.0 = Debug|Any CPU
		{768CCDB8-E58D-4099-F1CB-7385A0BF326D}.Release|Any CPU.ActiveCfg = Release|Any CPU
		{768CCDB8-E58D-4099-F1CB-7385A0BF326D}.Release|Any CPU.Build.0 = Release|Any CPU
		{DA9E5E7B-4EA9-90BC-9EF2-AA80B8237867}.Debug|Any CPU.ActiveCfg = Debug|Any CPU
		{DA9E5E7B-4EA9-90BC-9EF2-AA80B8237867}.Debug|Any CPU.Build.0 = Debug|Any CPU
		{DA9E5E7B-4EA9-90BC-9EF2-AA80B8237867}.Release|Any CPU.ActiveCfg = Release|Any CPU
		{DA9E5E7B-4EA9-90BC-9EF2-AA80B8237867}.Release|Any CPU.Build.0 = Release|Any CPU
		{1254CCBA-0C98-593B-C999-15ADDFF89B75}.Debug|Any CPU.ActiveCfg = Debug|Any CPU
		{1254CCBA-0C98-593B-C999-15ADDFF89B75}.Debug|Any CPU.Build.0 = Debug|Any CPU
		{1254CCBA-0C98-593B-C999-15ADDFF89B75}.Release|Any CPU.ActiveCfg = Release|Any CPU
		{1254CCBA-0C98-593B-C999-15ADDFF89B75}.Release|Any CPU.Build.0 = Release|Any CPU
		{3B76EC30-E030-8C42-1391-88F10FBE8620}.Debug|Any CPU.ActiveCfg = Debug|Any CPU
		{3B76EC30-E030-8C42-1391-88F10FBE8620}.Debug|Any CPU.Build.0 = Debug|Any CPU
		{3B76EC30-E030-8C42-1391-88F10FBE8620}.Release|Any CPU.ActiveCfg = Release|Any CPU
		{3B76EC30-E030-8C42-1391-88F10FBE8620}.Release|Any CPU.Build.0 = Release|Any CPU
		{8ECDF0E9-5722-9832-3EF2-79C5DB6ED7D8}.Debug|Any CPU.ActiveCfg = Debug|Any CPU
		{8ECDF0E9-5722-9832-3EF2-79C5DB6ED7D8}.Debug|Any CPU.Build.0 = Debug|Any CPU
		{8ECDF0E9-5722-9832-3EF2-79C5DB6ED7D8}.Release|Any CPU.ActiveCfg = Release|Any CPU
		{8ECDF0E9-5722-9832-3EF2-79C5DB6ED7D8}.Release|Any CPU.Build.0 = Release|Any CPU
	EndGlobalSection
	GlobalSection(SolutionProperties) = preSolution
		HideSolutionNode = FALSE
	EndGlobalSection
EndGlobal
